
Microsoft Visual Studio Solution File, Format Version 12.00
# Visual Studio Version 17
VisualStudioVersion = 17.0.31903.59
MinimumVisualStudioVersion = 10.0.40219.1
Project("{2150E333-8FDC-42A3-9474-1A3956D46DE8}") = "src", "src", "{C7BF3422-4C10-410D-B300-CAC7E7DC973B}"
EndProject
Project("{FAE04EC0-301F-11D3-BF4B-00C04F79EFBC}") = "QbMigrationAgent.Core", "src\QbMigrationAgent.Core\QbMigrationAgent.Core.csproj", "{5ECE35F8-1D0C-4753-AC4F-47A8CEFC441D}"
EndProject
Project("{2150E333-8FDC-42A3-9474-1A3956D46DE8}") = "tests", "tests", "{8F514468-4C31-451A-ADA5-BD28989A58D3}"
EndProject
Project("{FAE04EC0-301F-11D3-BF4B-00C04F79EFBC}") = "QbMigrationAgent.Tests", "tests\QbMigrationAgent.Tests\QbMigrationAgent.Tests.csproj", "{773E68A3-FC36-46E9-B6AC-D6AAAEC147D2}"
EndProject
Global
	GlobalSection(SolutionConfigurationPlatforms) = preSolution
		Debug|Any CPU = Debug|Any CPU
		Release|Any CPU = Release|Any CPU
	EndGlobalSection
	GlobalSection(SolutionProperties) = preSolution
		HideSolutionNode = FALSE
	EndGlobalSection
	GlobalSection(ProjectConfigurationPlatforms) = postSolution
		{5ECE35F8-1D0C-4753-AC4F-47A8CEFC441D}.Debug|Any CPU.ActiveCfg = Debug|Any CPU
		{5ECE35F8-1D0C-4753-AC4F-47A8CEFC441D}.Debug|Any CPU.Build.0 = Debug|Any CPU
		{5ECE35F8-1D0C-4753-AC4F-47A8CEFC441D}.Release|Any CPU.ActiveCfg = Release|Any CPU
		{5ECE35F8-1D0C-4753-AC4F-47A8CEFC441D}.Release|Any CPU.Build.0 = Release|Any CPU
		{773E68A3-FC36-46E9-B6AC-D6AAAEC147D2}.Debug|Any CPU.ActiveCfg = Debug|Any CPU
		{773E68A3-FC36-46E9-B6AC-D6AAAEC147D2}.Debug|Any CPU.Build.0 = Debug|Any CPU
		{773E68A3-FC36-46E9-B6AC-D6AAAEC147D2}.Release|Any CPU.ActiveCfg = Release|Any CPU
		{773E68A3-FC36-46E9-B6AC-D6AAAEC147D2}.Release|Any CPU.Build.0 = Release|Any CPU
	EndGlobalSection
	GlobalSection(NestedProjects) = preSolution
		{5ECE35F8-1D0C-4753-AC4F-47A8CEFC441D} = {C7BF3422-4C10-410D-B300-CAC7E7DC973B}
		{773E68A3-FC36-46E9-B6AC-D6AAAEC147D2} = {8F514468-4C31-451A-ADA5-BD28989A58D3}
	EndGlobalSection
EndGlobal
